// !$*UTF8*$!
{
	archiveVersion = 1;
	classes = {
	};
	objectVersion = 51;
	objects = {

/* Begin PBXBuildFile section */
		5D98B0088C0B6D1BDB4B5D1F /* Pods_CellCriptyTest.framework in Frameworks */ = {isa = PBXBuildFile; fileRef = E6F3A8DB90382B9D1E9E031B /* Pods_CellCriptyTest.framework */; };
		EC9025EDEFB7CDF1A82F45E0 /* Pods_CellCriptyTest_CellCriptyTestTests.framework in Frameworks */ = {isa = PBXBuildFile; fileRef = E0E571B4CBD98842F1A952AE /* Pods_CellCriptyTest_CellCriptyTestTests.framework */; };
		F5197B21245F536E002FCCE3 /* FactorialPresenter.swift in Sources */ = {isa = PBXBuildFile; fileRef = F5197B20245F536E002FCCE3 /* FactorialPresenter.swift */; };
		F5197B2A245F61AE002FCCE3 /* Calculator.swift in Sources */ = {isa = PBXBuildFile; fileRef = F5197B29245F61AE002FCCE3 /* Calculator.swift */; };
		F5197B2C245F6244002FCCE3 /* FactorialViewController.swift in Sources */ = {isa = PBXBuildFile; fileRef = F5197B2B245F6244002FCCE3 /* FactorialViewController.swift */; };
		F5197B2E245F69D5002FCCE3 /* FactorialPresenterTests.swift in Sources */ = {isa = PBXBuildFile; fileRef = F5197B2D245F69D5002FCCE3 /* FactorialPresenterTests.swift */; };
		F5197B32245F6D77002FCCE3 /* FactorialFactory.swift in Sources */ = {isa = PBXBuildFile; fileRef = F5197B31245F6D77002FCCE3 /* FactorialFactory.swift */; };
		F5197B34245F6D9B002FCCE3 /* ModuloFactoryImp.swift in Sources */ = {isa = PBXBuildFile; fileRef = F5197B33245F6D9B002FCCE3 /* ModuloFactoryImp.swift */; };
		F5197B36245F710D002FCCE3 /* FactorialViewController.xib in Resources */ = {isa = PBXBuildFile; fileRef = F5197B35245F710D002FCCE3 /* FactorialViewController.xib */; };
		F54406A6245F3AD9003F2AEF /* AppDelegate.swift in Sources */ = {isa = PBXBuildFile; fileRef = F54406A5245F3AD9003F2AEF /* AppDelegate.swift */; };
		F54406A8245F3AD9003F2AEF /* SceneDelegate.swift in Sources */ = {isa = PBXBuildFile; fileRef = F54406A7245F3AD9003F2AEF /* SceneDelegate.swift */; };
		F54406AF245F3ADB003F2AEF /* Assets.xcassets in Resources */ = {isa = PBXBuildFile; fileRef = F54406AE245F3ADB003F2AEF /* Assets.xcassets */; };
		F54406B2245F3ADB003F2AEF /* LaunchScreen.storyboard in Resources */ = {isa = PBXBuildFile; fileRef = F54406B0245F3ADB003F2AEF /* LaunchScreen.storyboard */; };
/* End PBXBuildFile section */

/* Begin PBXContainerItemProxy section */
		F54406B9245F3ADB003F2AEF /* PBXContainerItemProxy */ = {
			isa = PBXContainerItemProxy;
			containerPortal = F544069A245F3AD9003F2AEF /* Project object */;
			proxyType = 1;
			remoteGlobalIDString = F54406A1245F3AD9003F2AEF;
			remoteInfo = CellCriptyTest;
		};
/* End PBXContainerItemProxy section */

/* Begin PBXFileReference section */
		C50661D4F49886D548EF7F7B /* Pods-CellCriptyTest.debug.xcconfig */ = {isa = PBXFileReference; includeInIndex = 1; lastKnownFileType = text.xcconfig; name = "Pods-CellCriptyTest.debug.xcconfig"; path = "Target Support Files/Pods-CellCriptyTest/Pods-CellCriptyTest.debug.xcconfig"; sourceTree = "<group>"; };
		CC01747736AF80A07EA4F732 /* Pods-CellCriptyTest-CellCriptyTestTests.release.xcconfig */ = {isa = PBXFileReference; includeInIndex = 1; lastKnownFileType = text.xcconfig; name = "Pods-CellCriptyTest-CellCriptyTestTests.release.xcconfig"; path = "Target Support Files/Pods-CellCriptyTest-CellCriptyTestTests/Pods-CellCriptyTest-CellCriptyTestTests.release.xcconfig"; sourceTree = "<group>"; };
		DE0CF584E4056C46C195B2A4 /* Pods-CellCriptyTest-CellCriptyTestTests.debug.xcconfig */ = {isa = PBXFileReference; includeInIndex = 1; lastKnownFileType = text.xcconfig; name = "Pods-CellCriptyTest-CellCriptyTestTests.debug.xcconfig"; path = "Target Support Files/Pods-CellCriptyTest-CellCriptyTestTests/Pods-CellCriptyTest-CellCriptyTestTests.debug.xcconfig"; sourceTree = "<group>"; };
		E0E571B4CBD98842F1A952AE /* Pods_CellCriptyTest_CellCriptyTestTests.framework */ = {isa = PBXFileReference; explicitFileType = wrapper.framework; includeInIndex = 0; path = Pods_CellCriptyTest_CellCriptyTestTests.framework; sourceTree = BUILT_PRODUCTS_DIR; };
		E6F3A8DB90382B9D1E9E031B /* Pods_CellCriptyTest.framework */ = {isa = PBXFileReference; explicitFileType = wrapper.framework; includeInIndex = 0; path = Pods_CellCriptyTest.framework; sourceTree = BUILT_PRODUCTS_DIR; };
		EE1767E13CDE887584AE3E3A /* Pods-CellCriptyTest.release.xcconfig */ = {isa = PBXFileReference; includeInIndex = 1; lastKnownFileType = text.xcconfig; name = "Pods-CellCriptyTest.release.xcconfig"; path = "Target Support Files/Pods-CellCriptyTest/Pods-CellCriptyTest.release.xcconfig"; sourceTree = "<group>"; };
		F5197B20245F536E002FCCE3 /* FactorialPresenter.swift */ = {isa = PBXFileReference; lastKnownFileType = sourcecode.swift; path = FactorialPresenter.swift; sourceTree = "<group>"; };
		F5197B29245F61AE002FCCE3 /* Calculator.swift */ = {isa = PBXFileReference; lastKnownFileType = sourcecode.swift; path = Calculator.swift; sourceTree = "<group>"; };
		F5197B2B245F6244002FCCE3 /* FactorialViewController.swift */ = {isa = PBXFileReference; lastKnownFileType = sourcecode.swift; name = FactorialViewController.swift; path = CellCriptyTest/FactorialViewController.swift; sourceTree = SOURCE_ROOT; };
		F5197B2D245F69D5002FCCE3 /* FactorialPresenterTests.swift */ = {isa = PBXFileReference; lastKnownFileType = sourcecode.swift; path = FactorialPresenterTests.swift; sourceTree = "<group>"; };
		F5197B31245F6D77002FCCE3 /* FactorialFactory.swift */ = {isa = PBXFileReference; lastKnownFileType = sourcecode.swift; path = FactorialFactory.swift; sourceTree = "<group>"; };
		F5197B33245F6D9B002FCCE3 /* ModuloFactoryImp.swift */ = {isa = PBXFileReference; lastKnownFileType = sourcecode.swift; path = ModuloFactoryImp.swift; sourceTree = "<group>"; };
		F5197B35245F710D002FCCE3 /* FactorialViewController.xib */ = {isa = PBXFileReference; lastKnownFileType = file.xib; path = FactorialViewController.xib; sourceTree = "<group>"; };
		F54406A2245F3AD9003F2AEF /* CellCriptyTest.app */ = {isa = PBXFileReference; explicitFileType = wrapper.application; includeInIndex = 0; path = CellCriptyTest.app; sourceTree = BUILT_PRODUCTS_DIR; };
		F54406A5245F3AD9003F2AEF /* AppDelegate.swift */ = {isa = PBXFileReference; lastKnownFileType = sourcecode.swift; path = AppDelegate.swift; sourceTree = "<group>"; };
		F54406A7245F3AD9003F2AEF /* SceneDelegate.swift */ = {isa = PBXFileReference; lastKnownFileType = sourcecode.swift; path = SceneDelegate.swift; sourceTree = "<group>"; };
		F54406AE245F3ADB003F2AEF /* Assets.xcassets */ = {isa = PBXFileReference; lastKnownFileType = folder.assetcatalog; path = Assets.xcassets; sourceTree = "<group>"; };
		F54406B1245F3ADB003F2AEF /* Base */ = {isa = PBXFileReference; lastKnownFileType = file.storyboard; name = Base; path = Base.lproj/LaunchScreen.storyboard; sourceTree = "<group>"; };
		F54406B3245F3ADB003F2AEF /* Info.plist */ = {isa = PBXFileReference; lastKnownFileType = text.plist.xml; path = Info.plist; sourceTree = "<group>"; };
		F54406B8245F3ADB003F2AEF /* CellCriptyTestTests.xctest */ = {isa = PBXFileReference; explicitFileType = wrapper.cfbundle; includeInIndex = 0; path = CellCriptyTestTests.xctest; sourceTree = BUILT_PRODUCTS_DIR; };
		F54406BE245F3ADB003F2AEF /* Info.plist */ = {isa = PBXFileReference; lastKnownFileType = text.plist.xml; path = Info.plist; sourceTree = "<group>"; };
/* End PBXFileReference section */

/* Begin PBXFrameworksBuildPhase section */
		F544069F245F3AD9003F2AEF /* Frameworks */ = {
			isa = PBXFrameworksBuildPhase;
			buildActionMask = 2147483647;
			files = (
				5D98B0088C0B6D1BDB4B5D1F /* Pods_CellCriptyTest.framework in Frameworks */,
			);
			runOnlyForDeploymentPostprocessing = 0;
		};
		F54406B5245F3ADB003F2AEF /* Frameworks */ = {
			isa = PBXFrameworksBuildPhase;
			buildActionMask = 2147483647;
			files = (
				EC9025EDEFB7CDF1A82F45E0 /* Pods_CellCriptyTest_CellCriptyTestTests.framework in Frameworks */,
			);
			runOnlyForDeploymentPostprocessing = 0;
		};
/* End PBXFrameworksBuildPhase section */

/* Begin PBXGroup section */
		76C338550A30EA82832C25F6 /* Pods */ = {
			isa = PBXGroup;
			children = (
				C50661D4F49886D548EF7F7B /* Pods-CellCriptyTest.debug.xcconfig */,
				EE1767E13CDE887584AE3E3A /* Pods-CellCriptyTest.release.xcconfig */,
				DE0CF584E4056C46C195B2A4 /* Pods-CellCriptyTest-CellCriptyTestTests.debug.xcconfig */,
				CC01747736AF80A07EA4F732 /* Pods-CellCriptyTest-CellCriptyTestTests.release.xcconfig */,
			);
			path = Pods;
			sourceTree = "<group>";
		};
		C4081645B6A31467AAFCADA0 /* Frameworks */ = {
			isa = PBXGroup;
			children = (
				E6F3A8DB90382B9D1E9E031B /* Pods_CellCriptyTest.framework */,
				E0E571B4CBD98842F1A952AE /* Pods_CellCriptyTest_CellCriptyTestTests.framework */,
			);
			name = Frameworks;
			sourceTree = "<group>";
		};
		F5197B1F245F5357002FCCE3 /* Factorial Module */ = {
			isa = PBXGroup;
			children = (
				F5197B20245F536E002FCCE3 /* FactorialPresenter.swift */,
				F5197B2B245F6244002FCCE3 /* FactorialViewController.swift */,
				F5197B35245F710D002FCCE3 /* FactorialViewController.xib */,
			);
			path = "Factorial Module";
			sourceTree = "<group>";
		};
		F5197B24245F5FF7002FCCE3 /* Calculate */ = {
			isa = PBXGroup;
			children = (
				F5197B29245F61AE002FCCE3 /* Calculator.swift */,
			);
			path = Calculate;
			sourceTree = "<group>";
		};
		F5197B2F245F6CDE002FCCE3 /* Factories */ = {
			isa = PBXGroup;
			children = (
				F5197B31245F6D77002FCCE3 /* FactorialFactory.swift */,
				F5197B30245F6CE6002FCCE3 /* FactoryImp */,
			);
			path = Factories;
			sourceTree = "<group>";
		};
		F5197B30245F6CE6002FCCE3 /* FactoryImp */ = {
			isa = PBXGroup;
			children = (
				F5197B33245F6D9B002FCCE3 /* ModuloFactoryImp.swift */,
			);
			path = FactoryImp;
			sourceTree = "<group>";
		};
		F5440699245F3AD9003F2AEF = {
			isa = PBXGroup;
			children = (
				F54406A4245F3AD9003F2AEF /* CellCriptyTest */,
				F54406BB245F3ADB003F2AEF /* CellCriptyTestTests */,
				F54406A3245F3AD9003F2AEF /* Products */,
				76C338550A30EA82832C25F6 /* Pods */,
				C4081645B6A31467AAFCADA0 /* Frameworks */,
			);
			sourceTree = "<group>";
		};
		F54406A3245F3AD9003F2AEF /* Products */ = {
			isa = PBXGroup;
			children = (
				F54406A2245F3AD9003F2AEF /* CellCriptyTest.app */,
				F54406B8245F3ADB003F2AEF /* CellCriptyTestTests.xctest */,
			);
			name = Products;
			sourceTree = "<group>";
		};
		F54406A4245F3AD9003F2AEF /* CellCriptyTest */ = {
			isa = PBXGroup;
			children = (
				F5197B2F245F6CDE002FCCE3 /* Factories */,
				F5197B24245F5FF7002FCCE3 /* Calculate */,
				F5197B1F245F5357002FCCE3 /* Factorial Module */,
				F54406C9245F3B0F003F2AEF /* AppDelegate */,
				F54406C8245F3B07003F2AEF /* Views */,
				F54406C7245F3AF7003F2AEF /* Sources */,
			);
			path = CellCriptyTest;
			sourceTree = "<group>";
		};
		F54406BB245F3ADB003F2AEF /* CellCriptyTestTests */ = {
			isa = PBXGroup;
			children = (
				F54406BE245F3ADB003F2AEF /* Info.plist */,
				F5197B2D245F69D5002FCCE3 /* FactorialPresenterTests.swift */,
			);
			path = CellCriptyTestTests;
			sourceTree = "<group>";
		};
		F54406C7245F3AF7003F2AEF /* Sources */ = {
			isa = PBXGroup;
			children = (
				F54406AE245F3ADB003F2AEF /* Assets.xcassets */,
				F54406B3245F3ADB003F2AEF /* Info.plist */,
			);
			path = Sources;
			sourceTree = "<group>";
		};
		F54406C8245F3B07003F2AEF /* Views */ = {
			isa = PBXGroup;
			children = (
				F54406B0245F3ADB003F2AEF /* LaunchScreen.storyboard */,
			);
			path = Views;
			sourceTree = "<group>";
		};
		F54406C9245F3B0F003F2AEF /* AppDelegate */ = {
			isa = PBXGroup;
			children = (
				F54406A5245F3AD9003F2AEF /* AppDelegate.swift */,
				F54406A7245F3AD9003F2AEF /* SceneDelegate.swift */,
			);
			path = AppDelegate;
			sourceTree = "<group>";
		};
/* End PBXGroup section */

/* Begin PBXNativeTarget section */
		F54406A1245F3AD9003F2AEF /* CellCriptyTest */ = {
			isa = PBXNativeTarget;
			buildConfigurationList = F54406C1245F3ADB003F2AEF /* Build configuration list for PBXNativeTarget "CellCriptyTest" */;
			buildPhases = (
				2E608BB1A37F22AC455055DA /* [CP] Check Pods Manifest.lock */,
				F544069E245F3AD9003F2AEF /* Sources */,
				F544069F245F3AD9003F2AEF /* Frameworks */,
				F54406A0245F3AD9003F2AEF /* Resources */,
				16883E4DC9981DC19A1AE5D5 /* [CP] Embed Pods Frameworks */,
			);
			buildRules = (
			);
			dependencies = (
			);
			name = CellCriptyTest;
			productName = CellCriptyTest;
			productReference = F54406A2245F3AD9003F2AEF /* CellCriptyTest.app */;
			productType = "com.apple.product-type.application";
		};
		F54406B7245F3ADB003F2AEF /* CellCriptyTestTests */ = {
			isa = PBXNativeTarget;
			buildConfigurationList = F54406C4245F3ADB003F2AEF /* Build configuration list for PBXNativeTarget "CellCriptyTestTests" */;
			buildPhases = (
				184FFA9C27FF5435691EA9F9 /* [CP] Check Pods Manifest.lock */,
				F54406B4245F3ADB003F2AEF /* Sources */,
				F54406B5245F3ADB003F2AEF /* Frameworks */,
				F54406B6245F3ADB003F2AEF /* Resources */,
				0E6DBAF7C0437A02D295A7A9 /* [CP] Embed Pods Frameworks */,
			);
			buildRules = (
			);
			dependencies = (
				F54406BA245F3ADB003F2AEF /* PBXTargetDependency */,
			);
			name = CellCriptyTestTests;
			productName = CellCriptyTestTests;
			productReference = F54406B8245F3ADB003F2AEF /* CellCriptyTestTests.xctest */;
			productType = "com.apple.product-type.bundle.unit-test";
		};
/* End PBXNativeTarget section */

/* Begin PBXProject section */
		F544069A245F3AD9003F2AEF /* Project object */ = {
			isa = PBXProject;
			attributes = {
				LastSwiftUpdateCheck = 1130;
				LastUpgradeCheck = 1130;
				ORGANIZATIONNAME = "Rafael Silva";
				TargetAttributes = {
					F54406A1245F3AD9003F2AEF = {
						CreatedOnToolsVersion = 11.3.1;
					};
					F54406B7245F3ADB003F2AEF = {
						CreatedOnToolsVersion = 11.3.1;
						TestTargetID = F54406A1245F3AD9003F2AEF;
					};
				};
			};
			buildConfigurationList = F544069D245F3AD9003F2AEF /* Build configuration list for PBXProject "CellCriptyTest" */;
			compatibilityVersion = "Xcode 9.3";
			developmentRegion = en;
			hasScannedForEncodings = 0;
			knownRegions = (
				en,
				Base,
			);
			mainGroup = F5440699245F3AD9003F2AEF;
			productRefGroup = F54406A3245F3AD9003F2AEF /* Products */;
			projectDirPath = "";
			projectRoot = "";
			targets = (
				F54406A1245F3AD9003F2AEF /* CellCriptyTest */,
				F54406B7245F3ADB003F2AEF /* CellCriptyTestTests */,
			);
		};
/* End PBXProject section */

/* Begin PBXResourcesBuildPhase section */
		F54406A0245F3AD9003F2AEF /* Resources */ = {
			isa = PBXResourcesBuildPhase;
			buildActionMask = 2147483647;
			files = (
				F5197B36245F710D002FCCE3 /* FactorialViewController.xib in Resources */,
				F54406B2245F3ADB003F2AEF /* LaunchScreen.storyboard in Resources */,
				F54406AF245F3ADB003F2AEF /* Assets.xcassets in Resources */,
			);
			runOnlyForDeploymentPostprocessing = 0;
		};
		F54406B6245F3ADB003F2AEF /* Resources */ = {
			isa = PBXResourcesBuildPhase;
			buildActionMask = 2147483647;
			files = (
			);
			runOnlyForDeploymentPostprocessing = 0;
		};
/* End PBXResourcesBuildPhase section */

/* Begin PBXShellScriptBuildPhase section */
		0E6DBAF7C0437A02D295A7A9 /* [CP] Embed Pods Frameworks */ = {
			isa = PBXShellScriptBuildPhase;
			buildActionMask = 2147483647;
			files = (
			);
			inputFileListPaths = (
				"${PODS_ROOT}/Target Support Files/Pods-CellCriptyTest-CellCriptyTestTests/Pods-CellCriptyTest-CellCriptyTestTests-frameworks-${CONFIGURATION}-input-files.xcfilelist",
			);
			name = "[CP] Embed Pods Frameworks";
			outputFileListPaths = (
				"${PODS_ROOT}/Target Support Files/Pods-CellCriptyTest-CellCriptyTestTests/Pods-CellCriptyTest-CellCriptyTestTests-frameworks-${CONFIGURATION}-output-files.xcfilelist",
			);
			runOnlyForDeploymentPostprocessing = 0;
			shellPath = /bin/sh;
			shellScript = "\"${PODS_ROOT}/Target Support Files/Pods-CellCriptyTest-CellCriptyTestTests/Pods-CellCriptyTest-CellCriptyTestTests-frameworks.sh\"\n";
			showEnvVarsInLog = 0;
		};
		16883E4DC9981DC19A1AE5D5 /* [CP] Embed Pods Frameworks */ = {
			isa = PBXShellScriptBuildPhase;
			buildActionMask = 2147483647;
			files = (
			);
			inputFileListPaths = (
				"${PODS_ROOT}/Target Support Files/Pods-CellCriptyTest/Pods-CellCriptyTest-frameworks-${CONFIGURATION}-input-files.xcfilelist",
			);
			name = "[CP] Embed Pods Frameworks";
			outputFileListPaths = (
				"${PODS_ROOT}/Target Support Files/Pods-CellCriptyTest/Pods-CellCriptyTest-frameworks-${CONFIGURATION}-output-files.xcfilelist",
			);
			runOnlyForDeploymentPostprocessing = 0;
			shellPath = /bin/sh;
			shellScript = "\"${PODS_ROOT}/Target Support Files/Pods-CellCriptyTest/Pods-CellCriptyTest-frameworks.sh\"\n";
			showEnvVarsInLog = 0;
		};
		184FFA9C27FF5435691EA9F9 /* [CP] Check Pods Manifest.lock */ = {
			isa = PBXShellScriptBuildPhase;
			buildActionMask = 2147483647;
			files = (
			);
			inputFileListPaths = (
			);
			inputPaths = (
				"${PODS_PODFILE_DIR_PATH}/Podfile.lock",
				"${PODS_ROOT}/Manifest.lock",
			);
			name = "[CP] Check Pods Manifest.lock";
			outputFileListPaths = (
			);
			outputPaths = (
				"$(DERIVED_FILE_DIR)/Pods-CellCriptyTest-CellCriptyTestTests-checkManifestLockResult.txt",
			);
			runOnlyForDeploymentPostprocessing = 0;
			shellPath = /bin/sh;
			shellScript = "diff \"${PODS_PODFILE_DIR_PATH}/Podfile.lock\" \"${PODS_ROOT}/Manifest.lock\" > /dev/null\nif [ $? != 0 ] ; then\n    # print error to STDERR\n    echo \"error: The sandbox is not in sync with the Podfile.lock. Run 'pod install' or update your CocoaPods installation.\" >&2\n    exit 1\nfi\n# This output is used by Xcode 'outputs' to avoid re-running this script phase.\necho \"SUCCESS\" > \"${SCRIPT_OUTPUT_FILE_0}\"\n";
			showEnvVarsInLog = 0;
		};
		2E608BB1A37F22AC455055DA /* [CP] Check Pods Manifest.lock */ = {
			isa = PBXShellScriptBuildPhase;
			buildActionMask = 2147483647;
			files = (
			);
			inputFileListPaths = (
			);
			inputPaths = (
				"${PODS_PODFILE_DIR_PATH}/Podfile.lock",
				"${PODS_ROOT}/Manifest.lock",
			);
			name = "[CP] Check Pods Manifest.lock";
			outputFileListPaths = (
			);
			outputPaths = (
				"$(DERIVED_FILE_DIR)/Pods-CellCriptyTest-checkManifestLockResult.txt",
			);
			runOnlyForDeploymentPostprocessing = 0;
			shellPath = /bin/sh;
			shellScript = "diff \"${PODS_PODFILE_DIR_PATH}/Podfile.lock\" \"${PODS_ROOT}/Manifest.lock\" > /dev/null\nif [ $? != 0 ] ; then\n    # print error to STDERR\n    echo \"error: The sandbox is not in sync with the Podfile.lock. Run 'pod install' or update your CocoaPods installation.\" >&2\n    exit 1\nfi\n# This output is used by Xcode 'outputs' to avoid re-running this script phase.\necho \"SUCCESS\" > \"${SCRIPT_OUTPUT_FILE_0}\"\n";
			showEnvVarsInLog = 0;
		};
/* End PBXShellScriptBuildPhase section */

/* Begin PBXSourcesBuildPhase section */
		F544069E245F3AD9003F2AEF /* Sources */ = {
			isa = PBXSourcesBuildPhase;
			buildActionMask = 2147483647;
			files = (
				F54406A6245F3AD9003F2AEF /* AppDelegate.swift in Sources */,
				F54406A8245F3AD9003F2AEF /* SceneDelegate.swift in Sources */,
				F5197B32245F6D77002FCCE3 /* FactorialFactory.swift in Sources */,
				F5197B21245F536E002FCCE3 /* FactorialPresenter.swift in Sources */,
				F5197B2C245F6244002FCCE3 /* FactorialViewController.swift in Sources */,
				F5197B2A245F61AE002FCCE3 /* Calculator.swift in Sources */,
				F5197B34245F6D9B002FCCE3 /* ModuloFactoryImp.swift in Sources */,
			);
			runOnlyForDeploymentPostprocessing = 0;
		};
		F54406B4245F3ADB003F2AEF /* Sources */ = {
			isa = PBXSourcesBuildPhase;
			buildActionMask = 2147483647;
			files = (
				F5197B2E245F69D5002FCCE3 /* FactorialPresenterTests.swift in Sources */,
			);
			runOnlyForDeploymentPostprocessing = 0;
		};
/* End PBXSourcesBuildPhase section */

/* Begin PBXTargetDependency section */
		F54406BA245F3ADB003F2AEF /* PBXTargetDependency */ = {
			isa = PBXTargetDependency;
			target = F54406A1245F3AD9003F2AEF /* CellCriptyTest */;
			targetProxy = F54406B9245F3ADB003F2AEF /* PBXContainerItemProxy */;
		};
/* End PBXTargetDependency section */

/* Begin PBXVariantGroup section */
		F54406B0245F3ADB003F2AEF /* LaunchScreen.storyboard */ = {
			isa = PBXVariantGroup;
			children = (
				F54406B1245F3ADB003F2AEF /* Base */,
			);
			name = LaunchScreen.storyboard;
			sourceTree = "<group>";
		};
/* End PBXVariantGroup section */

/* Begin XCBuildConfiguration section */
		F54406BF245F3ADB003F2AEF /* Debug */ = {
			isa = XCBuildConfiguration;
			buildSettings = {
				ALWAYS_SEARCH_USER_PATHS = NO;
				CLANG_ANALYZER_NONNULL = YES;
				CLANG_ANALYZER_NUMBER_OBJECT_CONVERSION = YES_AGGRESSIVE;
				CLANG_CXX_LANGUAGE_STANDARD = "gnu++14";
				CLANG_CXX_LIBRARY = "libc++";
				CLANG_ENABLE_MODULES = YES;
				CLANG_ENABLE_OBJC_ARC = YES;
				CLANG_ENABLE_OBJC_WEAK = YES;
				CLANG_WARN_BLOCK_CAPTURE_AUTORELEASING = YES;
				CLANG_WARN_BOOL_CONVERSION = YES;
				CLANG_WARN_COMMA = YES;
				CLANG_WARN_CONSTANT_CONVERSION = YES;
				CLANG_WARN_DEPRECATED_OBJC_IMPLEMENTATIONS = YES;
				CLANG_WARN_DIRECT_OBJC_ISA_USAGE = YES_ERROR;
				CLANG_WARN_DOCUMENTATION_COMMENTS = YES;
				CLANG_WARN_EMPTY_BODY = YES;
				CLANG_WARN_ENUM_CONVERSION = YES;
				CLANG_WARN_INFINITE_RECURSION = YES;
				CLANG_WARN_INT_CONVERSION = YES;
				CLANG_WARN_NON_LITERAL_NULL_CONVERSION = YES;
				CLANG_WARN_OBJC_IMPLICIT_RETAIN_SELF = YES;
				CLANG_WARN_OBJC_LITERAL_CONVERSION = YES;
				CLANG_WARN_OBJC_ROOT_CLASS = YES_ERROR;
				CLANG_WARN_RANGE_LOOP_ANALYSIS = YES;
				CLANG_WARN_STRICT_PROTOTYPES = YES;
				CLANG_WARN_SUSPICIOUS_MOVE = YES;
				CLANG_WARN_UNGUARDED_AVAILABILITY = YES_AGGRESSIVE;
				CLANG_WARN_UNREACHABLE_CODE = YES;
				CLANG_WARN__DUPLICATE_METHOD_MATCH = YES;
				COPY_PHASE_STRIP = NO;
				DEBUG_INFORMATION_FORMAT = dwarf;
				ENABLE_STRICT_OBJC_MSGSEND = YES;
				ENABLE_TESTABILITY = YES;
				GCC_C_LANGUAGE_STANDARD = gnu11;
				GCC_DYNAMIC_NO_PIC = NO;
				GCC_NO_COMMON_BLOCKS = YES;
				GCC_OPTIMIZATION_LEVEL = 0;
				GCC_PREPROCESSOR_DEFINITIONS = (
					"DEBUG=1",
					"$(inherited)",
				);
				GCC_WARN_64_TO_32_BIT_CONVERSION = YES;
				GCC_WARN_ABOUT_RETURN_TYPE = YES_ERROR;
				GCC_WARN_UNDECLARED_SELECTOR = YES;
				GCC_WARN_UNINITIALIZED_AUTOS = YES_AGGRESSIVE;
				GCC_WARN_UNUSED_FUNCTION = YES;
				GCC_WARN_UNUSED_VARIABLE = YES;
				IPHONEOS_DEPLOYMENT_TARGET = 11.0;
				MTL_ENABLE_DEBUG_INFO = INCLUDE_SOURCE;
				MTL_FAST_MATH = YES;
				ONLY_ACTIVE_ARCH = YES;
				SDKROOT = iphoneos;
				SWIFT_ACTIVE_COMPILATION_CONDITIONS = DEBUG;
				SWIFT_OPTIMIZATION_LEVEL = "-Onone";
			};
			name = Debug;
		};
		F54406C0245F3ADB003F2AEF /* Release */ = {
			isa = XCBuildConfiguration;
			buildSettings = {
				ALWAYS_SEARCH_USER_PATHS = NO;
				CLANG_ANALYZER_NONNULL = YES;
				CLANG_ANALYZER_NUMBER_OBJECT_CONVERSION = YES_AGGRESSIVE;
				CLANG_CXX_LANGUAGE_STANDARD = "gnu++14";
				CLANG_CXX_LIBRARY = "libc++";
				CLANG_ENABLE_MODULES = YES;
				CLANG_ENABLE_OBJC_ARC = YES;
				CLANG_ENABLE_OBJC_WEAK = YES;
				CLANG_WARN_BLOCK_CAPTURE_AUTORELEASING = YES;
				CLANG_WARN_BOOL_CONVERSION = YES;
				CLANG_WARN_COMMA = YES;
				CLANG_WARN_CONSTANT_CONVERSION = YES;
				CLANG_WARN_DEPRECATED_OBJC_IMPLEMENTATIONS = YES;
				CLANG_WARN_DIRECT_OBJC_ISA_USAGE = YES_ERROR;
				CLANG_WARN_DOCUMENTATION_COMMENTS = YES;
				CLANG_WARN_EMPTY_BODY = YES;
				CLANG_WARN_ENUM_CONVERSION = YES;
				CLANG_WARN_INFINITE_RECURSION = YES;
				CLANG_WARN_INT_CONVERSION = YES;
				CLANG_WARN_NON_LITERAL_NULL_CONVERSION = YES;
				CLANG_WARN_OBJC_IMPLICIT_RETAIN_SELF = YES;
				CLANG_WARN_OBJC_LITERAL_CONVERSION = YES;
				CLANG_WARN_OBJC_ROOT_CLASS = YES_ERROR;
				CLANG_WARN_RANGE_LOOP_ANALYSIS = YES;
				CLANG_WARN_STRICT_PROTOTYPES = YES;
				CLANG_WARN_SUSPICIOUS_MOVE = YES;
				CLANG_WARN_UNGUARDED_AVAILABILITY = YES_AGGRESSIVE;
				CLANG_WARN_UNREACHABLE_CODE = YES;
				CLANG_WARN__DUPLICATE_METHOD_MATCH = YES;
				COPY_PHASE_STRIP = NO;
				DEBUG_INFORMATION_FORMAT = "dwarf-with-dsym";
				ENABLE_NS_ASSERTIONS = NO;
				ENABLE_STRICT_OBJC_MSGSEND = YES;
				GCC_C_LANGUAGE_STANDARD = gnu11;
				GCC_NO_COMMON_BLOCKS = YES;
				GCC_WARN_64_TO_32_BIT_CONVERSION = YES;
				GCC_WARN_ABOUT_RETURN_TYPE = YES_ERROR;
				GCC_WARN_UNDECLARED_SELECTOR = YES;
				GCC_WARN_UNINITIALIZED_AUTOS = YES_AGGRESSIVE;
				GCC_WARN_UNUSED_FUNCTION = YES;
				GCC_WARN_UNUSED_VARIABLE = YES;
				IPHONEOS_DEPLOYMENT_TARGET = 11.0;
				MTL_ENABLE_DEBUG_INFO = NO;
				MTL_FAST_MATH = YES;
				SDKROOT = iphoneos;
				SWIFT_COMPILATION_MODE = wholemodule;
				SWIFT_OPTIMIZATION_LEVEL = "-O";
				VALIDATE_PRODUCT = YES;
			};
			name = Release;
		};
		F54406C2245F3ADB003F2AEF /* Debug */ = {
			isa = XCBuildConfiguration;
			baseConfigurationReference = C50661D4F49886D548EF7F7B /* Pods-CellCriptyTest.debug.xcconfig */;
			buildSettings = {
				ASSETCATALOG_COMPILER_APPICON_NAME = AppIcon;
				CODE_SIGN_STYLE = Automatic;
				INFOPLIST_FILE = CellCriptyTest/Sources/Info.plist;
				LD_RUNPATH_SEARCH_PATHS = (
					"$(inherited)",
					"@executable_path/Frameworks",
				);
				PRODUCT_BUNDLE_IDENTIFIER = com.silva.rafael.CellCriptyTest;
				PRODUCT_NAME = "$(TARGET_NAME)";
				SWIFT_VERSION = 5.0;
				TARGETED_DEVICE_FAMILY = "1,2";
			};
			name = Debug;
		};
		F54406C3245F3ADB003F2AEF /* Release */ = {
			isa = XCBuildConfiguration;
			baseConfigurationReference = EE1767E13CDE887584AE3E3A /* Pods-CellCriptyTest.release.xcconfig */;
			buildSettings = {
				ASSETCATALOG_COMPILER_APPICON_NAME = AppIcon;
				CODE_SIGN_STYLE = Automatic;
				INFOPLIST_FILE = CellCriptyTest/Sources/Info.plist;
				LD_RUNPATH_SEARCH_PATHS = (
					"$(inherited)",
					"@executable_path/Frameworks",
				);
				PRODUCT_BUNDLE_IDENTIFIER = com.silva.rafael.CellCriptyTest;
				PRODUCT_NAME = "$(TARGET_NAME)";
				SWIFT_VERSION = 5.0;
				TARGETED_DEVICE_FAMILY = "1,2";
			};
			name = Release;
		};
		F54406C5245F3ADB003F2AEF /* Debug */ = {
			isa = XCBuildConfiguration;
			baseConfigurationReference = DE0CF584E4056C46C195B2A4 /* Pods-CellCriptyTest-CellCriptyTestTests.debug.xcconfig */;
			buildSettings = {
				ALWAYS_EMBED_SWIFT_STANDARD_LIBRARIES = YES;
				BUNDLE_LOADER = "$(TEST_HOST)";
				CODE_SIGN_STYLE = Automatic;
				INFOPLIST_FILE = CellCriptyTestTests/Info.plist;
				IPHONEOS_DEPLOYMENT_TARGET = 13.2;
				LD_RUNPATH_SEARCH_PATHS = (
					"$(inherited)",
					"@executable_path/Frameworks",
					"@loader_path/Frameworks",
				);
				PRODUCT_BUNDLE_IDENTIFIER = com.silva.rafael.CellCriptyTestTests;
				PRODUCT_NAME = "$(TARGET_NAME)";
				SWIFT_VERSION = 5.0;
				TARGETED_DEVICE_FAMILY = "1,2";
				TEST_HOST = "$(BUILT_PRODUCTS_DIR)/CellCriptyTest.app/CellCriptyTest";
			};
			name = Debug;
		};
		F54406C6245F3ADB003F2AEF /* Release */ = {
			isa = XCBuildConfiguration;
			baseConfigurationReference = CC01747736AF80A07EA4F732 /* Pods-CellCriptyTest-CellCriptyTestTests.release.xcconfig */;
			buildSettings = {
				ALWAYS_EMBED_SWIFT_STANDARD_LIBRARIES = YES;
				BUNDLE_LOADER = "$(TEST_HOST)";
				CODE_SIGN_STYLE = Automatic;
				INFOPLIST_FILE = CellCriptyTestTests/Info.plist;
				IPHONEOS_DEPLOYMENT_TARGET = 13.2;
				LD_RUNPATH_SEARCH_PATHS = (
					"$(inherited)",
					"@executable_path/Frameworks",
					"@loader_path/Frameworks",
				);
				PRODUCT_BUNDLE_IDENTIFIER = com.silva.rafael.CellCriptyTestTests;
				PRODUCT_NAME = "$(TARGET_NAME)";
				SWIFT_VERSION = 5.0;
				TARGETED_DEVICE_FAMILY = "1,2";
				TEST_HOST = "$(BUILT_PRODUCTS_DIR)/CellCriptyTest.app/CellCriptyTest";
			};
			name = Release;
		};
/* End XCBuildConfiguration section */

/* Begin XCConfigurationList section */
		F544069D245F3AD9003F2AEF /* Build configuration list for PBXProject "CellCriptyTest" */ = {
			isa = XCConfigurationList;
			buildConfigurations = (
				F54406BF245F3ADB003F2AEF /* Debug */,
				F54406C0245F3ADB003F2AEF /* Release */,
			);
			defaultConfigurationIsVisible = 0;
			defaultConfigurationName = Release;
		};
		F54406C1245F3ADB003F2AEF /* Build configuration list for PBXNativeTarget "CellCriptyTest" */ = {
			isa = XCConfigurationList;
			buildConfigurations = (
				F54406C2245F3ADB003F2AEF /* Debug */,
				F54406C3245F3ADB003F2AEF /* Release */,
			);
			defaultConfigurationIsVisible = 0;
			defaultConfigurationName = Release;
		};
		F54406C4245F3ADB003F2AEF /* Build configuration list for PBXNativeTarget "CellCriptyTestTests" */ = {
			isa = XCConfigurationList;
			buildConfigurations = (
				F54406C5245F3ADB003F2AEF /* Debug */,
				F54406C6245F3ADB003F2AEF /* Release */,
			);
			defaultConfigurationIsVisible = 0;
			defaultConfigurationName = Release;
		};
/* End XCConfigurationList section */
	};
	rootObject = F544069A245F3AD9003F2AEF /* Project object */;
}
